# This file is automatically @generated by Cargo.
# It is not intended for manual editing.
version = 4

[[package]]
name = "nucc-player-color-param"
version = "0.1.0"
source = "git+https://github.com/KojoBailey/nucc-binary-lib-rs.git#8ba440c89da62f8660447567dfb12a8411d8db0e"
dependencies = [
 "version",
]

[[package]]
name = "nucc-player-color-param-json"
version = "0.1.0"
dependencies = [
 "nucc-player-color-param",
]

[[package]]
name = "version"
version = "1.0.0"
source = "git+https://github.com/KojoBailey/nucc-binary-lib-rs.git#8ba440c89da62f8660447567dfb12a8411d8db0e"
